
Microsoft Visual Studio Solution File, Format Version 12.00
# Visual Studio 14
VisualStudioVersion = 14.0.25420.1
MinimumVisualStudioVersion = 10.0.40219.1
Project("{FAE04EC0-301F-11D3-BF4B-00C04F79EFBC}") = "zadachka", "zadachka\zadachka.csproj", "{34B69B11-E888-4719-AD02-9F4B02881611}"
EndProject
Project("{FAE04EC0-301F-11D3-BF4B-00C04F79EFBC}") = "Tests", "Tests\Tests.csproj", "{5530F7F9-C434-474F-B88F-8BB1F2FB4A1E}"
EndProject
Global
	GlobalSection(SolutionConfigurationPlatforms) = preSolution
		Debug|Any CPU = Debug|Any CPU
		Release|Any CPU = Release|Any CPU
	EndGlobalSection
	GlobalSection(ProjectConfigurationPlatforms) = postSolution
		{34B69B11-E888-4719-AD02-9F4B02881611}.Debug|Any CPU.ActiveCfg = Debug|Any CPU
		{34B69B11-E888-4719-AD02-9F4B02881611}.Debug|Any CPU.Build.0 = Debug|Any CPU
		{34B69B11-E888-4719-AD02-9F4B02881611}.Release|Any CPU.ActiveCfg = Release|Any CPU
		{34B69B11-E888-4719-AD02-9F4B02881611}.Release|Any CPU.Build.0 = Release|Any CPU
		{5530F7F9-C434-474F-B88F-8BB1F2FB4A1E}.Debug|Any CPU.ActiveCfg = Debug|Any CPU
		{5530F7F9-C434-474F-B88F-8BB1F2FB4A1E}.Debug|Any CPU.Build.0 = Debug|Any CPU
		{5530F7F9-C434-474F-B88F-8BB1F2FB4A1E}.Release|Any CPU.ActiveCfg = Release|Any CPU
		{5530F7F9-C434-474F-B88F-8BB1F2FB4A1E}.Release|Any CPU.Build.0 = Release|Any CPU
	EndGlobalSection
	GlobalSection(SolutionProperties) = preSolution
		HideSolutionNode = FALSE
	EndGlobalSection
EndGlobal
